
Microsoft Visual Studio Solution File, Format Version 12.00
# Visual Studio Version 17
VisualStudioVersion = 17.13.35913.81
MinimumVisualStudioVersion = 10.0.40219.1
Project("{FAE04EC0-301F-11D3-BF4B-00C04F79EFBC}") = "Biblioteca2", "Biblioteca2\Biblioteca2.csproj", "{97AF29A0-FA42-4CD8-91D4-93582A6B8D5B}"
EndProject
Project("{2150E333-8FDC-42A3-9474-1A3956D46DE8}") = "Elementos de la solución", "Elementos de la solución", "{D107F4C8-89CC-BEA8-D3D7-CA6B7733353D}"
	ProjectSection(SolutionItems) = preProject
		Biblioteca.cs = Biblioteca.cs
		Lector.cs = Lector.cs
		Libro.cs = Libro.cs
		Program.cs = Program.cs
	EndProjectSection
EndProject
Global
	GlobalSection(SolutionConfigurationPlatforms) = preSolution
		Debug|Any CPU = Debug|Any CPU
		Release|Any CPU = Release|Any CPU
	EndGlobalSection
	GlobalSection(ProjectConfigurationPlatforms) = postSolution
		{97AF29A0-FA42-4CD8-91D4-93582A6B8D5B}.Debug|Any CPU.ActiveCfg = Debug|Any CPU
		{97AF29A0-FA42-4CD8-91D4-93582A6B8D5B}.Debug|Any CPU.Build.0 = Debug|Any CPU
		{97AF29A0-FA42-4CD8-91D4-93582A6B8D5B}.Release|Any CPU.ActiveCfg = Release|Any CPU
		{97AF29A0-FA42-4CD8-91D4-93582A6B8D5B}.Release|Any CPU.Build.0 = Release|Any CPU
	EndGlobalSection
	GlobalSection(SolutionProperties) = preSolution
		HideSolutionNode = FALSE
	EndGlobalSection
	GlobalSection(ExtensibilityGlobals) = postSolution
		SolutionGuid = {B6ECBCD5-B3E9-48B3-A513-F9051CD00F91}
	EndGlobalSection
EndGlobal
